# Python 3.12 Linux x86_64; reviewed existing versions, wheel hashes.
aiohttp==3.13.5 --hash=sha256:b18f31b80d5a33661e08c89e202edabf1986e9b49c42b4504371daeaa11b47c1
aiohappyeyeballs==2.6.1 --hash=sha256:f349ba8f4b75cb25c99c5c2d84e997e485204d2902a9597802b0371f09331fb8
aiosignal==1.4.0 --hash=sha256:053243f8b92b990551949e63930a839ff0cf0b0ebbe0597b0f3fb19e1a0fe82e
attrs==26.1.0 --hash=sha256:c647aa4a12dfbad9333ca4e71fe62ddc36f4e63b2d260a37a8b83d2f043ac309
frozenlist==1.8.0 --hash=sha256:494a5952b1c597ba44e0e78113a7266e656b9794eec897b19ead706bd7074383
multidict==6.7.1 --hash=sha256:bfde23ef6ed9db7eaee6c37dcec08524cb43903c60b285b172b6c094711b3961
propcache==0.4.1 --hash=sha256:15932ab57837c3368b024473a525e25d316d8353016e7cc0e5ba9eb343fbb1cf
yarl==1.23.0 --hash=sha256:a3d2bff8f37f8d0f96c7ec554d16945050d54462d6e95414babaa18bfafc7f51
idna==3.11 --hash=sha256:771a87f49d9defaf64091e6e6fe9c18d4833f140bd19464795bc32d966ca37ea
typing_extensions==4.15.0 --hash=sha256:f0fa19c6845758ab08074a0cfa8b7aecb71c999ca73d62883bc25cc018c4e548
